{
  "name": "@bdsx/bdsx-sleep",
  "version": "1.0.3",
  "lockfileVersion": 3,
  "requires": true,
  "packages": {
    "": {
      "name": "@bdsx/bdsx-sleep",
      "version": "1.0.3",
      "license": "MIT",
      "devDependencies": {
        "bdsx": "file:../../bdsx"
      }
    },
    "../../bdsx": {
      "version": "2.0.0",
      "dev": true,
      "license": "MIT"
    }
  }
}
